
Microsoft Visual Studio Solution File, Format Version 12.00
# Visual Studio Version 16
VisualStudioVersion = 16.0.28803.156
MinimumVisualStudioVersion = 10.0.40219.1
Project("{FAE04EC0-301F-11D3-BF4B-00C04F79EFBC}") = "MTrader.MarketPricing.Api", "MTrader.MarketPricing.Api\MTrader.MarketPricing.Api.csproj", "{BE94F6D7-DEA4-4682-B6B1-63E31FA24B76}"
EndProject
Project("{FAE04EC0-301F-11D3-BF4B-00C04F79EFBC}") = "MTrader.OrderExecution.Api", "MTrader.OrderExecution.Api\MTrader.OrderExecution.Api.csproj", "{C8572560-12D8-45A2-89B2-EAB53241B80B}"
EndProject
Project("{FAE04EC0-301F-11D3-BF4B-00C04F79EFBC}") = "MTrader.Instruments.Api", "MTrader.Instruments.Api\MTrader.Instruments.Api.csproj", "{D60D4F27-0554-4D2A-9229-7342D74B0310}"
EndProject
Project("{FAE04EC0-301F-11D3-BF4B-00C04F79EFBC}") = "MTrader.Common", "MTrader.Common\MTrader.Common.csproj", "{2118A187-3F8B-4FB2-858A-41F56373B15F}"
EndProject
Project("{FAE04EC0-301F-11D3-BF4B-00C04F79EFBC}") = "MTrader.TradeBook.Api", "MTrader.TradeBook.Api\MTrader.TradeBook.Api.csproj", "{F0DDDA9F-D791-4494-A263-31ACD27F9B42}"
EndProject
Project("{FAE04EC0-301F-11D3-BF4B-00C04F79EFBC}") = "MTrader.Portfolio.Api", "MTrader.Portfolio.Api\MTrader.Portfolio.Api.csproj", "{E3EC6BFE-6834-4BC3-913F-B1579FE7E115}"
EndProject
Global
	GlobalSection(SolutionConfigurationPlatforms) = preSolution
		Debug|Any CPU = Debug|Any CPU
		Release|Any CPU = Release|Any CPU
	EndGlobalSection
	GlobalSection(ProjectConfigurationPlatforms) = postSolution
		{BE94F6D7-DEA4-4682-B6B1-63E31FA24B76}.Debug|Any CPU.ActiveCfg = Debug|Any CPU
		{BE94F6D7-DEA4-4682-B6B1-63E31FA24B76}.Debug|Any CPU.Build.0 = Debug|Any CPU
		{BE94F6D7-DEA4-4682-B6B1-63E31FA24B76}.Release|Any CPU.ActiveCfg = Release|Any CPU
		{BE94F6D7-DEA4-4682-B6B1-63E31FA24B76}.Release|Any CPU.Build.0 = Release|Any CPU
		{C8572560-12D8-45A2-89B2-EAB53241B80B}.Debug|Any CPU.ActiveCfg = Debug|Any CPU
		{C8572560-12D8-45A2-89B2-EAB53241B80B}.Debug|Any CPU.Build.0 = Debug|Any CPU
		{C8572560-12D8-45A2-89B2-EAB53241B80B}.Release|Any CPU.ActiveCfg = Release|Any CPU
		{C8572560-12D8-45A2-89B2-EAB53241B80B}.Release|Any CPU.Build.0 = Release|Any CPU
		{D60D4F27-0554-4D2A-9229-7342D74B0310}.Debug|Any CPU.ActiveCfg = Debug|Any CPU
		{D60D4F27-0554-4D2A-9229-7342D74B0310}.Debug|Any CPU.Build.0 = Debug|Any CPU
		{D60D4F27-0554-4D2A-9229-7342D74B0310}.Release|Any CPU.ActiveCfg = Release|Any CPU
		{D60D4F27-0554-4D2A-9229-7342D74B0310}.Release|Any CPU.Build.0 = Release|Any CPU
		{2118A187-3F8B-4FB2-858A-41F56373B15F}.Debug|Any CPU.ActiveCfg = Debug|Any CPU
		{2118A187-3F8B-4FB2-858A-41F56373B15F}.Debug|Any CPU.Build.0 = Debug|Any CPU
		{2118A187-3F8B-4FB2-858A-41F56373B15F}.Release|Any CPU.ActiveCfg = Release|Any CPU
		{2118A187-3F8B-4FB2-858A-41F56373B15F}.Release|Any CPU.Build.0 = Release|Any CPU
		{F0DDDA9F-D791-4494-A263-31ACD27F9B42}.Debug|Any CPU.ActiveCfg = Debug|Any CPU
		{F0DDDA9F-D791-4494-A263-31ACD27F9B42}.Debug|Any CPU.Build.0 = Debug|Any CPU
		{F0DDDA9F-D791-4494-A263-31ACD27F9B42}.Release|Any CPU.ActiveCfg = Release|Any CPU
		{F0DDDA9F-D791-4494-A263-31ACD27F9B42}.Release|Any CPU.Build.0 = Release|Any CPU
		{E3EC6BFE-6834-4BC3-913F-B1579FE7E115}.Debug|Any CPU.ActiveCfg = Debug|Any CPU
		{E3EC6BFE-6834-4BC3-913F-B1579FE7E115}.Debug|Any CPU.Build.0 = Debug|Any CPU
		{E3EC6BFE-6834-4BC3-913F-B1579FE7E115}.Release|Any CPU.ActiveCfg = Release|Any CPU
		{E3EC6BFE-6834-4BC3-913F-B1579FE7E115}.Release|Any CPU.Build.0 = Release|Any CPU
	EndGlobalSection
	GlobalSection(SolutionProperties) = preSolution
		HideSolutionNode = FALSE
	EndGlobalSection
	GlobalSection(ExtensibilityGlobals) = postSolution
		SolutionGuid = {5F9B4EC2-C298-41E8-868A-B540E598FEC3}
	EndGlobalSection
EndGlobal
